// !$*UTF8*$!
{
	archiveVersion = 1;
	classes = {
	};
	objectVersion = 56;
	objects = {

/* Begin PBXBuildFile section */
		B27791E22C483532002585D5 /* AppDelegate.swift in Sources */ = {isa = PBXBuildFile; fileRef = B27791E12C483532002585D5 /* AppDelegate.swift */; };
		B27791E42C483532002585D5 /* SceneDelegate.swift in Sources */ = {isa = PBXBuildFile; fileRef = B27791E32C483532002585D5 /* SceneDelegate.swift */; };
		B27791E62C483532002585D5 /* ViewController.swift in Sources */ = {isa = PBXBuildFile; fileRef = B27791E52C483532002585D5 /* ViewController.swift */; };
		B27791E92C483532002585D5 /* Main.storyboard in Resources */ = {isa = PBXBuildFile; fileRef = B27791E72C483532002585D5 /* Main.storyboard */; };
		B27791EB2C483534002585D5 /* Assets.xcassets in Resources */ = {isa = PBXBuildFile; fileRef = B27791EA2C483534002585D5 /* Assets.xcassets */; };
		B27791EE2C483534002585D5 /* LaunchScreen.storyboard in Resources */ = {isa = PBXBuildFile; fileRef = B27791EC2C483534002585D5 /* LaunchScreen.storyboard */; };
		B27791F92C483534002585D5 /* JulyProjectTests.swift in Sources */ = {isa = PBXBuildFile; fileRef = B27791F82C483534002585D5 /* JulyProjectTests.swift */; };
		B27792032C483534002585D5 /* JulyProjectUITests.swift in Sources */ = {isa = PBXBuildFile; fileRef = B27792022C483534002585D5 /* JulyProjectUITests.swift */; };
		B27792052C483534002585D5 /* JulyProjectUITestsLaunchTests.swift in Sources */ = {isa = PBXBuildFile; fileRef = B27792042C483534002585D5 /* JulyProjectUITestsLaunchTests.swift */; };
/* End PBXBuildFile section */

/* Begin PBXContainerItemProxy section */
		B27791F52C483534002585D5 /* PBXContainerItemProxy */ = {
			isa = PBXContainerItemProxy;
			containerPortal = B27791D62C483532002585D5 /* Project object */;
			proxyType = 1;
			remoteGlobalIDString = B27791DD2C483532002585D5;
			remoteInfo = JulyProject;
		};
		B27791FF2C483534002585D5 /* PBXContainerItemProxy */ = {
			isa = PBXContainerItemProxy;
			containerPortal = B27791D62C483532002585D5 /* Project object */;
			proxyType = 1;
			remoteGlobalIDString = B27791DD2C483532002585D5;
			remoteInfo = JulyProject;
		};
/* End PBXContainerItemProxy section */

/* Begin PBXFileReference section */
		B27791DE2C483532002585D5 /* JulyProject.app */ = {isa = PBXFileReference; explicitFileType = wrapper.application; includeInIndex = 0; path = JulyProject.app; sourceTree = BUILT_PRODUCTS_DIR; };
		B27791E12C483532002585D5 /* AppDelegate.swift */ = {isa = PBXFileReference; lastKnownFileType = sourcecode.swift; path = AppDelegate.swift; sourceTree = "<group>"; };
		B27791E32C483532002585D5 /* SceneDelegate.swift */ = {isa = PBXFileReference; lastKnownFileType = sourcecode.swift; path = SceneDelegate.swift; sourceTree = "<group>"; };
		B27791E52C483532002585D5 /* ViewController.swift */ = {isa = PBXFileReference; lastKnownFileType = sourcecode.swift; path = ViewController.swift; sourceTree = "<group>"; };
		B27791E82C483532002585D5 /* Base */ = {isa = PBXFileReference; lastKnownFileType = file.storyboard; name = Base; path = Base.lproj/Main.storyboard; sourceTree = "<group>"; };
		B27791EA2C483534002585D5 /* Assets.xcassets */ = {isa = PBXFileReference; lastKnownFileType = folder.assetcatalog; path = Assets.xcassets; sourceTree = "<group>"; };
		B27791ED2C483534002585D5 /* Base */ = {isa = PBXFileReference; lastKnownFileType = file.storyboard; name = Base; path = Base.lproj/LaunchScreen.storyboard; sourceTree = "<group>"; };
		B27791EF2C483534002585D5 /* Info.plist */ = {isa = PBXFileReference; lastKnownFileType = text.plist.xml; path = Info.plist; sourceTree = "<group>"; };
		B27791F42C483534002585D5 /* JulyProjectTests.xctest */ = {isa = PBXFileReference; explicitFileType = wrapper.cfbundle; includeInIndex = 0; path = JulyProjectTests.xctest; sourceTree = BUILT_PRODUCTS_DIR; };
		B27791F82C483534002585D5 /* JulyProjectTests.swift */ = {isa = PBXFileReference; lastKnownFileType = sourcecode.swift; path = JulyProjectTests.swift; sourceTree = "<group>"; };
		B27791FE2C483534002585D5 /* JulyProjectUITests.xctest */ = {isa = PBXFileReference; explicitFileType = wrapper.cfbundle; includeInIndex = 0; path = JulyProjectUITests.xctest; sourceTree = BUILT_PRODUCTS_DIR; };
		B27792022C483534002585D5 /* JulyProjectUITests.swift */ = {isa = PBXFileReference; lastKnownFileType = sourcecode.swift; path = JulyProjectUITests.swift; sourceTree = "<group>"; };
		B27792042C483534002585D5 /* JulyProjectUITestsLaunchTests.swift */ = {isa = PBXFileReference; lastKnownFileType = sourcecode.swift; path = JulyProjectUITestsLaunchTests.swift; sourceTree = "<group>"; };
/* End PBXFileReference section */

/* Begin PBXFrameworksBuildPhase section */
		B27791DB2C483532002585D5 /* Frameworks */ = {
			isa = PBXFrameworksBuildPhase;
			buildActionMask = 2147483647;
			files = (
			);
			runOnlyForDeploymentPostprocessing = 0;
		};
		B27791F12C483534002585D5 /* Frameworks */ = {
			isa = PBXFrameworksBuildPhase;
			buildActionMask = 2147483647;
			files = (
			);
			runOnlyForDeploymentPostprocessing = 0;
		};
		B27791FB2C483534002585D5 /* Frameworks */ = {
			isa = PBXFrameworksBuildPhase;
			buildActionMask = 2147483647;
			files = (
			);
			runOnlyForDeploymentPostprocessing = 0;
		};
/* End PBXFrameworksBuildPhase section */

/* Begin PBXGroup section */
		B27791D52C483532002585D5 = {
			isa = PBXGroup;
			children = (
				B27791E02C483532002585D5 /* JulyProject */,
				B27791F72C483534002585D5 /* JulyProjectTests */,
				B27792012C483534002585D5 /* JulyProjectUITests */,
				B27791DF2C483532002585D5 /* Products */,
			);
			sourceTree = "<group>";
		};
		B27791DF2C483532002585D5 /* Products */ = {
			isa = PBXGroup;
			children = (
				B27791DE2C483532002585D5 /* JulyProject.app */,
				B27791F42C483534002585D5 /* JulyProjectTests.xctest */,
				B27791FE2C483534002585D5 /* JulyProjectUITests.xctest */,
			);
			name = Products;
			sourceTree = "<group>";
		};
		B27791E02C483532002585D5 /* JulyProject */ = {
			isa = PBXGroup;
			children = (
				B27791E12C483532002585D5 /* AppDelegate.swift */,
				B27791E32C483532002585D5 /* SceneDelegate.swift */,
				B27791E52C483532002585D5 /* ViewController.swift */,
				B27791E72C483532002585D5 /* Main.storyboard */,
				B27791EA2C483534002585D5 /* Assets.xcassets */,
				B27791EC2C483534002585D5 /* LaunchScreen.storyboard */,
				B27791EF2C483534002585D5 /* Info.plist */,
			);
			path = JulyProject;
			sourceTree = "<group>";
		};
		B27791F72C483534002585D5 /* JulyProjectTests */ = {
			isa = PBXGroup;
			children = (
				B27791F82C483534002585D5 /* JulyProjectTests.swift */,
			);
			path = JulyProjectTests;
			sourceTree = "<group>";
		};
		B27792012C483534002585D5 /* JulyProjectUITests */ = {
			isa = PBXGroup;
			children = (
				B27792022C483534002585D5 /* JulyProjectUITests.swift */,
				B27792042C483534002585D5 /* JulyProjectUITestsLaunchTests.swift */,
			);
			path = JulyProjectUITests;
			sourceTree = "<group>";
		};
/* End PBXGroup section */

/* Begin PBXNativeTarget section */
		B27791DD2C483532002585D5 /* JulyProject */ = {
			isa = PBXNativeTarget;
			buildConfigurationList = B27792082C483534002585D5 /* Build configuration list for PBXNativeTarget "JulyProject" */;
			buildPhases = (
				B27791DA2C483532002585D5 /* Sources */,
				B27791DB2C483532002585D5 /* Frameworks */,
				B27791DC2C483532002585D5 /* Resources */,
			);
			buildRules = (
			);
			dependencies = (
			);
			name = JulyProject;
			productName = JulyProject;
			productReference = B27791DE2C483532002585D5 /* JulyProject.app */;
			productType = "com.apple.product-type.application";
		};
		B27791F32C483534002585D5 /* JulyProjectTests */ = {
			isa = PBXNativeTarget;
			buildConfigurationList = B277920B2C483534002585D5 /* Build configuration list for PBXNativeTarget "JulyProjectTests" */;
			buildPhases = (
				B27791F02C483534002585D5 /* Sources */,
				B27791F12C483534002585D5 /* Frameworks */,
				B27791F22C483534002585D5 /* Resources */,
			);
			buildRules = (
			);
			dependencies = (
				B27791F62C483534002585D5 /* PBXTargetDependency */,
			);
			name = JulyProjectTests;
			productName = JulyProjectTests;
			productReference = B27791F42C483534002585D5 /* JulyProjectTests.xctest */;
			productType = "com.apple.product-type.bundle.unit-test";
		};
		B27791FD2C483534002585D5 /* JulyProjectUITests */ = {
			isa = PBXNativeTarget;
			buildConfigurationList = B277920E2C483534002585D5 /* Build configuration list for PBXNativeTarget "JulyProjectUITests" */;
			buildPhases = (
				B27791FA2C483534002585D5 /* Sources */,
				B27791FB2C483534002585D5 /* Frameworks */,
				B27791FC2C483534002585D5 /* Resources */,
			);
			buildRules = (
			);
			dependencies = (
				B27792002C483534002585D5 /* PBXTargetDependency */,
			);
			name = JulyProjectUITests;
			productName = JulyProjectUITests;
			productReference = B27791FE2C483534002585D5 /* JulyProjectUITests.xctest */;
			productType = "com.apple.product-type.bundle.ui-testing";
		};
/* End PBXNativeTarget section */

/* Begin PBXProject section */
		B27791D62C483532002585D5 /* Project object */ = {
			isa = PBXProject;
			attributes = {
				BuildIndependentTargetsInParallel = 1;
				LastSwiftUpdateCheck = 1430;
				LastUpgradeCheck = 1430;
				TargetAttributes = {
					B27791DD2C483532002585D5 = {
						CreatedOnToolsVersion = 14.3.1;
					};
					B27791F32C483534002585D5 = {
						CreatedOnToolsVersion = 14.3.1;
						TestTargetID = B27791DD2C483532002585D5;
					};
					B27791FD2C483534002585D5 = {
						CreatedOnToolsVersion = 14.3.1;
						TestTargetID = B27791DD2C483532002585D5;
					};
				};
			};
			buildConfigurationList = B27791D92C483532002585D5 /* Build configuration list for PBXProject "JulyProject" */;
			compatibilityVersion = "Xcode 14.0";
			developmentRegion = en;
			hasScannedForEncodings = 0;
			knownRegions = (
				en,
				Base,
			);
			mainGroup = B27791D52C483532002585D5;
			productRefGroup = B27791DF2C483532002585D5 /* Products */;
			projectDirPath = "";
			projectRoot = "";
			targets = (
				B27791DD2C483532002585D5 /* JulyProject */,
				B27791F32C483534002585D5 /* JulyProjectTests */,
				B27791FD2C483534002585D5 /* JulyProjectUITests */,
			);
		};
/* End PBXProject section */

/* Begin PBXResourcesBuildPhase section */
		B27791DC2C483532002585D5 /* Resources */ = {
			isa = PBXResourcesBuildPhase;
			buildActionMask = 2147483647;
			files = (
				B27791EE2C483534002585D5 /* LaunchScreen.storyboard in Resources */,
				B27791EB2C483534002585D5 /* Assets.xcassets in Resources */,
				B27791E92C483532002585D5 /* Main.storyboard in Resources */,
			);
			runOnlyForDeploymentPostprocessing = 0;
		};
		B27791F22C483534002585D5 /* Resources */ = {
			isa = PBXResourcesBuildPhase;
			buildActionMask = 2147483647;
			files = (
			);
			runOnlyForDeploymentPostprocessing = 0;
		};
		B27791FC2C483534002585D5 /* Resources */ = {
			isa = PBXResourcesBuildPhase;
			buildActionMask = 2147483647;
			files = (
			);
			runOnlyForDeploymentPostprocessing = 0;
		};
/* End PBXResourcesBuildPhase section */

/* Begin PBXSourcesBuildPhase section */
		B27791DA2C483532002585D5 /* Sources */ = {
			isa = PBXSourcesBuildPhase;
			buildActionMask = 2147483647;
			files = (
				B27791E62C483532002585D5 /* ViewController.swift in Sources */,
				B27791E22C483532002585D5 /* AppDelegate.swift in Sources */,
				B27791E42C483532002585D5 /* SceneDelegate.swift in Sources */,
			);
			runOnlyForDeploymentPostprocessing = 0;
		};
		B27791F02C483534002585D5 /* Sources */ = {
			isa = PBXSourcesBuildPhase;
			buildActionMask = 2147483647;
			files = (
				B27791F92C483534002585D5 /* JulyProjectTests.swift in Sources */,
			);
			runOnlyForDeploymentPostprocessing = 0;
		};
		B27791FA2C483534002585D5 /* Sources */ = {
			isa = PBXSourcesBuildPhase;
			buildActionMask = 2147483647;
			files = (
				B27792052C483534002585D5 /* JulyProjectUITestsLaunchTests.swift in Sources */,
				B27792032C483534002585D5 /* JulyProjectUITests.swift in Sources */,
			);
			runOnlyForDeploymentPostprocessing = 0;
		};
/* End PBXSourcesBuildPhase section */

/* Begin PBXTargetDependency section */
		B27791F62C483534002585D5 /* PBXTargetDependency */ = {
			isa = PBXTargetDependency;
			target = B27791DD2C483532002585D5 /* JulyProject */;
			targetProxy = B27791F52C483534002585D5 /* PBXContainerItemProxy */;
		};
		B27792002C483534002585D5 /* PBXTargetDependency */ = {
			isa = PBXTargetDependency;
			target = B27791DD2C483532002585D5 /* JulyProject */;
			targetProxy = B27791FF2C483534002585D5 /* PBXContainerItemProxy */;
		};
/* End PBXTargetDependency section */

/* Begin PBXVariantGroup section */
		B27791E72C483532002585D5 /* Main.storyboard */ = {
			isa = PBXVariantGroup;
			children = (
				B27791E82C483532002585D5 /* Base */,
			);
			name = Main.storyboard;
			sourceTree = "<group>";
		};
		B27791EC2C483534002585D5 /* LaunchScreen.storyboard */ = {
			isa = PBXVariantGroup;
			children = (
				B27791ED2C483534002585D5 /* Base */,
			);
			name = LaunchScreen.storyboard;
			sourceTree = "<group>";
		};
/* End PBXVariantGroup section */

/* Begin XCBuildConfiguration section */
		B27792062C483534002585D5 /* Debug */ = {
			isa = XCBuildConfiguration;
			buildSettings = {
				ALWAYS_SEARCH_USER_PATHS = NO;
				CLANG_ANALYZER_NONNULL = YES;
				CLANG_ANALYZER_NUMBER_OBJECT_CONVERSION = YES_AGGRESSIVE;
				CLANG_CXX_LANGUAGE_STANDARD = "gnu++20";
				CLANG_ENABLE_MODULES = YES;
				CLANG_ENABLE_OBJC_ARC = YES;
				CLANG_ENABLE_OBJC_WEAK = YES;
				CLANG_WARN_BLOCK_CAPTURE_AUTORELEASING = YES;
				CLANG_WARN_BOOL_CONVERSION = YES;
				CLANG_WARN_COMMA = YES;
				CLANG_WARN_CONSTANT_CONVERSION = YES;
				CLANG_WARN_DEPRECATED_OBJC_IMPLEMENTATIONS = YES;
				CLANG_WARN_DIRECT_OBJC_ISA_USAGE = YES_ERROR;
				CLANG_WARN_DOCUMENTATION_COMMENTS = YES;
				CLANG_WARN_EMPTY_BODY = YES;
				CLANG_WARN_ENUM_CONVERSION = YES;
				CLANG_WARN_INFINITE_RECURSION = YES;
				CLANG_WARN_INT_CONVERSION = YES;
				CLANG_WARN_NON_LITERAL_NULL_CONVERSION = YES;
				CLANG_WARN_OBJC_IMPLICIT_RETAIN_SELF = YES;
				CLANG_WARN_OBJC_LITERAL_CONVERSION = YES;
				CLANG_WARN_OBJC_ROOT_CLASS = YES_ERROR;
				CLANG_WARN_QUOTED_INCLUDE_IN_FRAMEWORK_HEADER = YES;
				CLANG_WARN_RANGE_LOOP_ANALYSIS = YES;
				CLANG_WARN_STRICT_PROTOTYPES = YES;
				CLANG_WARN_SUSPICIOUS_MOVE = YES;
				CLANG_WARN_UNGUARDED_AVAILABILITY = YES_AGGRESSIVE;
				CLANG_WARN_UNREACHABLE_CODE = YES;
				CLANG_WARN__DUPLICATE_METHOD_MATCH = YES;
				COPY_PHASE_STRIP = NO;
				DEBUG_INFORMATION_FORMAT = dwarf;
				ENABLE_STRICT_OBJC_MSGSEND = YES;
				ENABLE_TESTABILITY = YES;
				GCC_C_LANGUAGE_STANDARD = gnu11;
				GCC_DYNAMIC_NO_PIC = NO;
				GCC_NO_COMMON_BLOCKS = YES;
				GCC_OPTIMIZATION_LEVEL = 0;
				GCC_PREPROCESSOR_DEFINITIONS = (
					"DEBUG=1",
					"$(inherited)",
				);
				GCC_WARN_64_TO_32_BIT_CONVERSION = YES;
				GCC_WARN_ABOUT_RETURN_TYPE = YES_ERROR;
				GCC_WARN_UNDECLARED_SELECTOR = YES;
				GCC_WARN_UNINITIALIZED_AUTOS = YES_AGGRESSIVE;
				GCC_WARN_UNUSED_FUNCTION = YES;
				GCC_WARN_UNUSED_VARIABLE = YES;
				IPHONEOS_DEPLOYMENT_TARGET = 16.4;
				MTL_ENABLE_DEBUG_INFO = INCLUDE_SOURCE;
				MTL_FAST_MATH = YES;
				ONLY_ACTIVE_ARCH = YES;
				SDKROOT = iphoneos;
				SWIFT_ACTIVE_COMPILATION_CONDITIONS = DEBUG;
				SWIFT_OPTIMIZATION_LEVEL = "-Onone";
			};
			name = Debug;
		};
		B27792072C483534002585D5 /* Release */ = {
			isa = XCBuildConfiguration;
			buildSettings = {
				ALWAYS_SEARCH_USER_PATHS = NO;
				CLANG_ANALYZER_NONNULL = YES;
				CLANG_ANALYZER_NUMBER_OBJECT_CONVERSION = YES_AGGRESSIVE;
				CLANG_CXX_LANGUAGE_STANDARD = "gnu++20";
				CLANG_ENABLE_MODULES = YES;
				CLANG_ENABLE_OBJC_ARC = YES;
				CLANG_ENABLE_OBJC_WEAK = YES;
				CLANG_WARN_BLOCK_CAPTURE_AUTORELEASING = YES;
				CLANG_WARN_BOOL_CONVERSION = YES;
				CLANG_WARN_COMMA = YES;
				CLANG_WARN_CONSTANT_CONVERSION = YES;
				CLANG_WARN_DEPRECATED_OBJC_IMPLEMENTATIONS = YES;
				CLANG_WARN_DIRECT_OBJC_ISA_USAGE = YES_ERROR;
				CLANG_WARN_DOCUMENTATION_COMMENTS = YES;
				CLANG_WARN_EMPTY_BODY = YES;
				CLANG_WARN_ENUM_CONVERSION = YES;
				CLANG_WARN_INFINITE_RECURSION = YES;
				CLANG_WARN_INT_CONVERSION = YES;
				CLANG_WARN_NON_LITERAL_NULL_CONVERSION = YES;
				CLANG_WARN_OBJC_IMPLICIT_RETAIN_SELF = YES;
				CLANG_WARN_OBJC_LITERAL_CONVERSION = YES;
				CLANG_WARN_OBJC_ROOT_CLASS = YES_ERROR;
				CLANG_WARN_QUOTED_INCLUDE_IN_FRAMEWORK_HEADER = YES;
				CLANG_WARN_RANGE_LOOP_ANALYSIS = YES;
				CLANG_WARN_STRICT_PROTOTYPES = YES;
				CLANG_WARN_SUSPICIOUS_MOVE = YES;
				CLANG_WARN_UNGUARDED_AVAILABILITY = YES_AGGRESSIVE;
				CLANG_WARN_UNREACHABLE_CODE = YES;
				CLANG_WARN__DUPLICATE_METHOD_MATCH = YES;
				COPY_PHASE_STRIP = NO;
				DEBUG_INFORMATION_FORMAT = "dwarf-with-dsym";
				ENABLE_NS_ASSERTIONS = NO;
				ENABLE_STRICT_OBJC_MSGSEND = YES;
				GCC_C_LANGUAGE_STANDARD = gnu11;
				GCC_NO_COMMON_BLOCKS = YES;
				GCC_WARN_64_TO_32_BIT_CONVERSION = YES;
				GCC_WARN_ABOUT_RETURN_TYPE = YES_ERROR;
				GCC_WARN_UNDECLARED_SELECTOR = YES;
				GCC_WARN_UNINITIALIZED_AUTOS = YES_AGGRESSIVE;
				GCC_WARN_UNUSED_FUNCTION = YES;
				GCC_WARN_UNUSED_VARIABLE = YES;
				IPHONEOS_DEPLOYMENT_TARGET = 16.4;
				MTL_ENABLE_DEBUG_INFO = NO;
				MTL_FAST_MATH = YES;
				SDKROOT = iphoneos;
				SWIFT_COMPILATION_MODE = wholemodule;
				SWIFT_OPTIMIZATION_LEVEL = "-O";
				VALIDATE_PRODUCT = YES;
			};
			name = Release;
		};
		B27792092C483534002585D5 /* Debug */ = {
			isa = XCBuildConfiguration;
			buildSettings = {
				ASSETCATALOG_COMPILER_APPICON_NAME = AppIcon;
				ASSETCATALOG_COMPILER_GLOBAL_ACCENT_COLOR_NAME = AccentColor;
				CODE_SIGN_STYLE = Automatic;
				CURRENT_PROJECT_VERSION = 1;
				DEVELOPMENT_TEAM = GY9GA2ZV3W;
				GENERATE_INFOPLIST_FILE = YES;
				INFOPLIST_FILE = JulyProject/Info.plist;
				INFOPLIST_KEY_UIApplicationSupportsIndirectInputEvents = YES;
				INFOPLIST_KEY_UILaunchStoryboardName = LaunchScreen;
				INFOPLIST_KEY_UIMainStoryboardFile = Main;
				INFOPLIST_KEY_UISupportedInterfaceOrientations_iPad = "UIInterfaceOrientationPortrait UIInterfaceOrientationPortraitUpsideDown UIInterfaceOrientationLandscapeLeft UIInterfaceOrientationLandscapeRight";
				INFOPLIST_KEY_UISupportedInterfaceOrientations_iPhone = "UIInterfaceOrientationPortrait UIInterfaceOrientationLandscapeLeft UIInterfaceOrientationLandscapeRight";
				LD_RUNPATH_SEARCH_PATHS = (
					"$(inherited)",
					"@executable_path/Frameworks",
				);
				MARKETING_VERSION = 1.0;
				PRODUCT_BUNDLE_IDENTIFIER = test.waqas.JulyProject;
				PRODUCT_NAME = "$(TARGET_NAME)";
				SWIFT_EMIT_LOC_STRINGS = YES;
				SWIFT_VERSION = 5.0;
				TARGETED_DEVICE_FAMILY = "1,2";
			};
			name = Debug;
		};
		B277920A2C483534002585D5 /* Release */ = {
			isa = XCBuildConfiguration;
			buildSettings = {
				ASSETCATALOG_COMPILER_APPICON_NAME = AppIcon;
				ASSETCATALOG_COMPILER_GLOBAL_ACCENT_COLOR_NAME = AccentColor;
				CODE_SIGN_STYLE = Automatic;
				CURRENT_PROJECT_VERSION = 1;
				DEVELOPMENT_TEAM = GY9GA2ZV3W;
				GENERATE_INFOPLIST_FILE = YES;
				INFOPLIST_FILE = JulyProject/Info.plist;
				INFOPLIST_KEY_UIApplicationSupportsIndirectInputEvents = YES;
				INFOPLIST_KEY_UILaunchStoryboardName = LaunchScreen;
				INFOPLIST_KEY_UIMainStoryboardFile = Main;
				INFOPLIST_KEY_UISupportedInterfaceOrientations_iPad = "UIInterfaceOrientationPortrait UIInterfaceOrientationPortraitUpsideDown UIInterfaceOrientationLandscapeLeft UIInterfaceOrientationLandscapeRight";
				INFOPLIST_KEY_UISupportedInterfaceOrientations_iPhone = "UIInterfaceOrientationPortrait UIInterfaceOrientationLandscapeLeft UIInterfaceOrientationLandscapeRight";
				LD_RUNPATH_SEARCH_PATHS = (
					"$(inherited)",
					"@executable_path/Frameworks",
				);
				MARKETING_VERSION = 1.0;
				PRODUCT_BUNDLE_IDENTIFIER = test.waqas.JulyProject;
				PRODUCT_NAME = "$(TARGET_NAME)";
				SWIFT_EMIT_LOC_STRINGS = YES;
				SWIFT_VERSION = 5.0;
				TARGETED_DEVICE_FAMILY = "1,2";
			};
			name = Release;
		};
		B277920C2C483534002585D5 /* Debug */ = {
			isa = XCBuildConfiguration;
			buildSettings = {
				ALWAYS_EMBED_SWIFT_STANDARD_LIBRARIES = YES;
				BUNDLE_LOADER = "$(TEST_HOST)";
				CODE_SIGN_STYLE = Automatic;
				CURRENT_PROJECT_VERSION = 1;
				DEVELOPMENT_TEAM = GY9GA2ZV3W;
				GENERATE_INFOPLIST_FILE = YES;
				IPHONEOS_DEPLOYMENT_TARGET = 16.4;
				MARKETING_VERSION = 1.0;
				PRODUCT_BUNDLE_IDENTIFIER = test.waqas.JulyProjectTests;
				PRODUCT_NAME = "$(TARGET_NAME)";
				SWIFT_EMIT_LOC_STRINGS = NO;
				SWIFT_VERSION = 5.0;
				TARGETED_DEVICE_FAMILY = "1,2";
				TEST_HOST = "$(BUILT_PRODUCTS_DIR)/JulyProject.app/$(BUNDLE_EXECUTABLE_FOLDER_PATH)/JulyProject";
			};
			name = Debug;
		};
		B277920D2C483534002585D5 /* Release */ = {
			isa = XCBuildConfiguration;
			buildSettings = {
				ALWAYS_EMBED_SWIFT_STANDARD_LIBRARIES = YES;
				BUNDLE_LOADER = "$(TEST_HOST)";
				CODE_SIGN_STYLE = Automatic;
				CURRENT_PROJECT_VERSION = 1;
				DEVELOPMENT_TEAM = GY9GA2ZV3W;
				GENERATE_INFOPLIST_FILE = YES;
				IPHONEOS_DEPLOYMENT_TARGET = 16.4;
				MARKETING_VERSION = 1.0;
				PRODUCT_BUNDLE_IDENTIFIER = test.waqas.JulyProjectTests;
				PRODUCT_NAME = "$(TARGET_NAME)";
				SWIFT_EMIT_LOC_STRINGS = NO;
				SWIFT_VERSION = 5.0;
				TARGETED_DEVICE_FAMILY = "1,2";
				TEST_HOST = "$(BUILT_PRODUCTS_DIR)/JulyProject.app/$(BUNDLE_EXECUTABLE_FOLDER_PATH)/JulyProject";
			};
			name = Release;
		};
		B277920F2C483534002585D5 /* Debug */ = {
			isa = XCBuildConfiguration;
			buildSettings = {
				ALWAYS_EMBED_SWIFT_STANDARD_LIBRARIES = YES;
				CODE_SIGN_STYLE = Automatic;
				CURRENT_PROJECT_VERSION = 1;
				DEVELOPMENT_TEAM = GY9GA2ZV3W;
				GENERATE_INFOPLIST_FILE = YES;
				MARKETING_VERSION = 1.0;
				PRODUCT_BUNDLE_IDENTIFIER = test.waqas.JulyProjectUITests;
				PRODUCT_NAME = "$(TARGET_NAME)";
				SWIFT_EMIT_LOC_STRINGS = NO;
				SWIFT_VERSION = 5.0;
				TARGETED_DEVICE_FAMILY = "1,2";
				TEST_TARGET_NAME = JulyProject;
			};
			name = Debug;
		};
		B27792102C483534002585D5 /* Release */ = {
			isa = XCBuildConfiguration;
			buildSettings = {
				ALWAYS_EMBED_SWIFT_STANDARD_LIBRARIES = YES;
				CODE_SIGN_STYLE = Automatic;
				CURRENT_PROJECT_VERSION = 1;
				DEVELOPMENT_TEAM = GY9GA2ZV3W;
				GENERATE_INFOPLIST_FILE = YES;
				MARKETING_VERSION = 1.0;
				PRODUCT_BUNDLE_IDENTIFIER = test.waqas.JulyProjectUITests;
				PRODUCT_NAME = "$(TARGET_NAME)";
				SWIFT_EMIT_LOC_STRINGS = NO;
				SWIFT_VERSION = 5.0;
				TARGETED_DEVICE_FAMILY = "1,2";
				TEST_TARGET_NAME = JulyProject;
			};
			name = Release;
		};
/* End XCBuildConfiguration section */

/* Begin XCConfigurationList section */
		B27791D92C483532002585D5 /* Build configuration list for PBXProject "JulyProject" */ = {
			isa = XCConfigurationList;
			buildConfigurations = (
				B27792062C483534002585D5 /* Debug */,
				B27792072C483534002585D5 /* Release */,
			);
			defaultConfigurationIsVisible = 0;
			defaultConfigurationName = Release;
		};
		B27792082C483534002585D5 /* Build configuration list for PBXNativeTarget "JulyProject" */ = {
			isa = XCConfigurationList;
			buildConfigurations = (
				B27792092C483534002585D5 /* Debug */,
				B277920A2C483534002585D5 /* Release */,
			);
			defaultConfigurationIsVisible = 0;
			defaultConfigurationName = Release;
		};
		B277920B2C483534002585D5 /* Build configuration list for PBXNativeTarget "JulyProjectTests" */ = {
			isa = XCConfigurationList;
			buildConfigurations = (
				B277920C2C483534002585D5 /* Debug */,
				B277920D2C483534002585D5 /* Release */,
			);
			defaultConfigurationIsVisible = 0;
			defaultConfigurationName = Release;
		};
		B277920E2C483534002585D5 /* Build configuration list for PBXNativeTarget "JulyProjectUITests" */ = {
			isa = XCConfigurationList;
			buildConfigurations = (
				B277920F2C483534002585D5 /* Debug */,
				B27792102C483534002585D5 /* Release */,
			);
			defaultConfigurationIsVisible = 0;
			defaultConfigurationName = Release;
		};
/* End XCConfigurationList section */
	};
	rootObject = B27791D62C483532002585D5 /* Project object */;
}
